
Microsoft Visual Studio Solution File, Format Version 12.00
# Visual Studio Version 17
VisualStudioVersion = 17.3.32929.385
MinimumVisualStudioVersion = 10.0.40219.1
Project("{FAE04EC0-301F-11D3-BF4B-00C04F79EFBC}") = "LineComparisonProblems", "LineComparisonProblems.csproj", "{499C3FCD-CCB1-47F0-B680-16704620BFF1}"
EndProject
Global
	GlobalSection(SolutionConfigurationPlatforms) = preSolution
		Debug|Any CPU = Debug|Any CPU
		Release|Any CPU = Release|Any CPU
	EndGlobalSection
	GlobalSection(ProjectConfigurationPlatforms) = postSolution
		{499C3FCD-CCB1-47F0-B680-16704620BFF1}.Debug|Any CPU.ActiveCfg = Debug|Any CPU
		{499C3FCD-CCB1-47F0-B680-16704620BFF1}.Debug|Any CPU.Build.0 = Debug|Any CPU
		{499C3FCD-CCB1-47F0-B680-16704620BFF1}.Release|Any CPU.ActiveCfg = Release|Any CPU
		{499C3FCD-CCB1-47F0-B680-16704620BFF1}.Release|Any CPU.Build.0 = Release|Any CPU
	EndGlobalSection
	GlobalSection(SolutionProperties) = preSolution
		HideSolutionNode = FALSE
	EndGlobalSection
	GlobalSection(ExtensibilityGlobals) = postSolution
		SolutionGuid = {A9741C06-EFAA-41F5-977C-9C4EDF6AF3C7}
	EndGlobalSection
EndGlobal
